// !$*UTF8*$!
{
	archiveVersion = 1;
	classes = {
	};
	objectVersion = 46;
	objects = {

/* Begin PBXBuildFile section */
		434429971CE5576000610FA3 /* ViewController.swift in Sources */ = {isa = PBXBuildFile; fileRef = 434429961CE5576000610FA3 /* ViewController.swift */; };
		4344299A1CE5576000610FA3 /* Main.storyboard in Resources */ = {isa = PBXBuildFile; fileRef = 434429981CE5576000610FA3 /* Main.storyboard */; };
		4344299C1CE5576000610FA3 /* Assets.xcassets in Resources */ = {isa = PBXBuildFile; fileRef = 4344299B1CE5576000610FA3 /* Assets.xcassets */; };
		4344299F1CE5576000610FA3 /* LaunchScreen.storyboard in Resources */ = {isa = PBXBuildFile; fileRef = 4344299D1CE5576000610FA3 /* LaunchScreen.storyboard */; };
		434B47321CF01FAE00B56F52 /* SwiftData.swift in Sources */ = {isa = PBXBuildFile; fileRef = 434B47311CF01FAE00B56F52 /* SwiftData.swift */; };
		434B473A1CF0E20800B56F52 /* sql_placeholder_folder.swift in Sources */ = {isa = PBXBuildFile; fileRef = 434B47391CF0E20800B56F52 /* sql_placeholder_folder.swift */; };
		434B473C1CF0E27D00B56F52 /* CreateAccountViewController.swift in Sources */ = {isa = PBXBuildFile; fileRef = 434B473B1CF0E27D00B56F52 /* CreateAccountViewController.swift */; };
		434B473F1CF5651800B56F52 /* Global Variables.swift in Sources */ = {isa = PBXBuildFile; fileRef = 434B473E1CF5651800B56F52 /* Global Variables.swift */; };
		436ABBE61CE80D490083B65B /* SampleData.swift in Sources */ = {isa = PBXBuildFile; fileRef = 436ABBE51CE80D490083B65B /* SampleData.swift */; };
		436ABC141CE80EA50083B65B /* AppDelegate.swift in Sources */ = {isa = PBXBuildFile; fileRef = 436ABC131CE80EA50083B65B /* AppDelegate.swift */; };
		436ABC161CE80EAC0083B65B /* RootViewController.swift in Sources */ = {isa = PBXBuildFile; fileRef = 436ABC151CE80EAC0083B65B /* RootViewController.swift */; };
		436ABC1C1CE810360083B65B /* CarePlanStoreManager.swift in Sources */ = {isa = PBXBuildFile; fileRef = 436ABC1B1CE810360083B65B /* CarePlanStoreManager.swift */; };
		436ABC211CE810CB0083B65B /* Activity.swift in Sources */ = {isa = PBXBuildFile; fileRef = 436ABC1D1CE810CB0083B65B /* Activity.swift */; };
		436ABC231CE810CB0083B65B /* OutdoorWalk.swift in Sources */ = {isa = PBXBuildFile; fileRef = 436ABC1F1CE810CB0083B65B /* OutdoorWalk.swift */; };
		436ABC261CE811470083B65B /* Extensions.swift in Sources */ = {isa = PBXBuildFile; fileRef = 436ABC251CE811470083B65B /* Extensions.swift */; };
		436ABC2D1CE811660083B65B /* Assessment.swift in Sources */ = {isa = PBXBuildFile; fileRef = 436ABC271CE811660083B65B /* Assessment.swift */; };
		436ABC2F1CE811660083B65B /* BloodGlucose.swift in Sources */ = {isa = PBXBuildFile; fileRef = 436ABC291CE811660083B65B /* BloodGlucose.swift */; };
		436ABC301CE811660083B65B /* HealthSampleBuilder.swift in Sources */ = {isa = PBXBuildFile; fileRef = 436ABC2A1CE811660083B65B /* HealthSampleBuilder.swift */; };
		436ABC311CE811660083B65B /* Mood.swift in Sources */ = {isa = PBXBuildFile; fileRef = 436ABC2B1CE811660083B65B /* Mood.swift */; };
		436AC0841CE8123A0083B65B /* ResearchKit.framework in Frameworks */ = {isa = PBXBuildFile; fileRef = 436AC0811CE8121E0083B65B /* ResearchKit.framework */; };
		436AC0851CE8123A0083B65B /* ResearchKit.framework in Embed Frameworks */ = {isa = PBXBuildFile; fileRef = 436AC0811CE8121E0083B65B /* ResearchKit.framework */; settings = {ATTRIBUTES = (CodeSignOnCopy, RemoveHeadersOnCopy, ); }; };
		436AC0881CE8123E0083B65B /* CareKit.framework in Frameworks */ = {isa = PBXBuildFile; fileRef = 436AC06D1CE811E90083B65B /* CareKit.framework */; };
		436AC0891CE8123E0083B65B /* CareKit.framework in Embed Frameworks */ = {isa = PBXBuildFile; fileRef = 436AC06D1CE811E90083B65B /* CareKit.framework */; settings = {ATTRIBUTES = (CodeSignOnCopy, RemoveHeadersOnCopy, ); }; };
		436AC08F1CE8148B0083B65B /* BuildInsightsOperation.swift in Sources */ = {isa = PBXBuildFile; fileRef = 436AC08C1CE8148B0083B65B /* BuildInsightsOperation.swift */; };
		436AC0901CE8148B0083B65B /* InsightsBuilder.swift in Sources */ = {isa = PBXBuildFile; fileRef = 436AC08D1CE8148B0083B65B /* InsightsBuilder.swift */; };
		436AC0911CE8148B0083B65B /* QueryActivityEventsOperation.swift in Sources */ = {isa = PBXBuildFile; fileRef = 436AC08E1CE8148B0083B65B /* QueryActivityEventsOperation.swift */; };
		436AC0941CE8149E0083B65B /* NSCalendar+Dates.swift in Sources */ = {isa = PBXBuildFile; fileRef = 436AC0921CE8149E0083B65B /* NSCalendar+Dates.swift */; };
		436AC0951CE8149E0083B65B /* OCKInsightItem+EmptyMessage.swift in Sources */ = {isa = PBXBuildFile; fileRef = 436AC0931CE8149E0083B65B /* OCKInsightItem+EmptyMessage.swift */; };
		43D99B8C1CF7E6F2007839BF /* Snacks.swift in Sources */ = {isa = PBXBuildFile; fileRef = 43D99B8B1CF7E6F2007839BF /* Snacks.swift */; };
		43D99B901CFA2033007839BF /* DrinkWater.swift in Sources */ = {isa = PBXBuildFile; fileRef = 43D99B8F1CFA2033007839BF /* DrinkWater.swift */; };
/* End PBXBuildFile section */

/* Begin PBXContainerItemProxy section */
		434429A61CE5576000610FA3 /* PBXContainerItemProxy */ = {
			isa = PBXContainerItemProxy;
			containerPortal = 434429891CE5575F00610FA3 /* Project object */;
			proxyType = 1;
			remoteGlobalIDString = 434429901CE5575F00610FA3;
			remoteInfo = diabeticconnect;
		};
		434429B11CE5576000610FA3 /* PBXContainerItemProxy */ = {
			isa = PBXContainerItemProxy;
			containerPortal = 434429891CE5575F00610FA3 /* Project object */;
			proxyType = 1;
			remoteGlobalIDString = 434429901CE5575F00610FA3;
			remoteInfo = diabeticconnect;
		};
		436AC06C1CE811E90083B65B /* PBXContainerItemProxy */ = {
			isa = PBXContainerItemProxy;
			containerPortal = 436AC0641CE811E90083B65B /* CareKit.xcodeproj */;
			proxyType = 2;
			remoteGlobalIDString = 8605A5BA1C4F04EC00DD65FF;
			remoteInfo = CareKit;
		};
		436AC06E1CE811E90083B65B /* PBXContainerItemProxy */ = {
			isa = PBXContainerItemProxy;
			containerPortal = 436AC0641CE811E90083B65B /* CareKit.xcodeproj */;
			proxyType = 2;
			remoteGlobalIDString = 8605A5C41C4F04EC00DD65FF;
			remoteInfo = CareKitTests;
		};
		436AC0801CE8121E0083B65B /* PBXContainerItemProxy */ = {
			isa = PBXContainerItemProxy;
			containerPortal = 436AC07A1CE8121E0083B65B /* ResearchKit.xcodeproj */;
			proxyType = 2;
			remoteGlobalIDString = B183A5951A8535D100C76870;
			remoteInfo = ResearchKit;
		};
		436AC0821CE8121E0083B65B /* PBXContainerItemProxy */ = {
			isa = PBXContainerItemProxy;
			containerPortal = 436AC07A1CE8121E0083B65B /* ResearchKit.xcodeproj */;
			proxyType = 2;
			remoteGlobalIDString = 86CC8E9A1AC09332001CCD89;
			remoteInfo = ResearchKitTests;
		};
		436AC0861CE8123A0083B65B /* PBXContainerItemProxy */ = {
			isa = PBXContainerItemProxy;
			containerPortal = 436AC07A1CE8121E0083B65B /* ResearchKit.xcodeproj */;
			proxyType = 1;
			remoteGlobalIDString = B183A4731A8535D100C76870;
			remoteInfo = ResearchKit;
		};
		436AC08A1CE8123E0083B65B /* PBXContainerItemProxy */ = {
			isa = PBXContainerItemProxy;
			containerPortal = 436AC0641CE811E90083B65B /* CareKit.xcodeproj */;
			proxyType = 1;
			remoteGlobalIDString = 8605A5B91C4F04EC00DD65FF;
			remoteInfo = CareKit;
		};
/* End PBXContainerItemProxy section */

/* Begin PBXCopyFilesBuildPhase section */
		434429E01CE5583E00610FA3 /* Embed Frameworks */ = {
			isa = PBXCopyFilesBuildPhase;
			buildActionMask = 2147483647;
			dstPath = "";
			dstSubfolderSpec = 10;
			files = (
				436AC0891CE8123E0083B65B /* CareKit.framework in Embed Frameworks */,
				436AC0851CE8123A0083B65B /* ResearchKit.framework in Embed Frameworks */,
			);
			name = "Embed Frameworks";
			runOnlyForDeploymentPostprocessing = 0;
		};
/* End PBXCopyFilesBuildPhase section */

/* Begin PBXFileReference section */
		434429961CE5576000610FA3 /* ViewController.swift */ = {isa = PBXFileReference; lastKnownFileType = sourcecode.swift; path = ViewController.swift; sourceTree = "<group>"; };
		434429991CE5576000610FA3 /* Base */ = {isa = PBXFileReference; lastKnownFileType = file.storyboard; name = Base; path = Base.lproj/Main.storyboard; sourceTree = "<group>"; };
		4344299B1CE5576000610FA3 /* Assets.xcassets */ = {isa = PBXFileReference; lastKnownFileType = folder.assetcatalog; path = Assets.xcassets; sourceTree = "<group>"; };
		4344299E1CE5576000610FA3 /* Base */ = {isa = PBXFileReference; lastKnownFileType = file.storyboard; name = Base; path = Base.lproj/LaunchScreen.storyboard; sourceTree = "<group>"; };
		434429A01CE5576000610FA3 /* Info.plist */ = {isa = PBXFileReference; lastKnownFileType = text.plist.xml; path = Info.plist; sourceTree = "<group>"; };
		434B47311CF01FAE00B56F52 /* SwiftData.swift */ = {isa = PBXFileReference; fileEncoding = 4; lastKnownFileType = sourcecode.swift; path = SwiftData.swift; sourceTree = "<group>"; };
		434B47361CF0269E00B56F52 /* Bridging-Header.h */ = {isa = PBXFileReference; fileEncoding = 4; lastKnownFileType = sourcecode.c.h; path = "Bridging-Header.h"; sourceTree = "<group>"; };
		434B47371CF02BC700B56F52 /* diabeticconnect.app */ = {isa = PBXFileReference; explicitFileType = wrapper.application; includeInIndex = 0; path = diabeticconnect.app; sourceTree = BUILT_PRODUCTS_DIR; };
		434B47391CF0E20800B56F52 /* sql_placeholder_folder.swift */ = {isa = PBXFileReference; fileEncoding = 4; lastKnownFileType = sourcecode.swift; path = sql_placeholder_folder.swift; sourceTree = "<group>"; };
		434B473B1CF0E27D00B56F52 /* CreateAccountViewController.swift */ = {isa = PBXFileReference; fileEncoding = 4; lastKnownFileType = sourcecode.swift; name = CreateAccountViewController.swift; path = ViewControllers/CreateAccountViewController.swift; sourceTree = "<group>"; };
		434B473E1CF5651800B56F52 /* Global Variables.swift */ = {isa = PBXFileReference; fileEncoding = 4; lastKnownFileType = sourcecode.swift; path = "Global Variables.swift"; sourceTree = "<group>"; };
		436ABBE51CE80D490083B65B /* SampleData.swift */ = {isa = PBXFileReference; fileEncoding = 4; lastKnownFileType = sourcecode.swift; path = SampleData.swift; sourceTree = "<group>"; };
		436ABC131CE80EA50083B65B /* AppDelegate.swift */ = {isa = PBXFileReference; fileEncoding = 4; lastKnownFileType = sourcecode.swift; path = AppDelegate.swift; sourceTree = "<group>"; };
		436ABC151CE80EAC0083B65B /* RootViewController.swift */ = {isa = PBXFileReference; fileEncoding = 4; lastKnownFileType = sourcecode.swift; path = RootViewController.swift; sourceTree = "<group>"; };
		436ABC1B1CE810360083B65B /* CarePlanStoreManager.swift */ = {isa = PBXFileReference; fileEncoding = 4; lastKnownFileType = sourcecode.swift; path = CarePlanStoreManager.swift; sourceTree = "<group>"; };
		436ABC1D1CE810CB0083B65B /* Activity.swift */ = {isa = PBXFileReference; fileEncoding = 4; lastKnownFileType = sourcecode.swift; name = Activity.swift; path = Activities/Activity.swift; sourceTree = "<group>"; };
		436ABC1F1CE810CB0083B65B /* OutdoorWalk.swift */ = {isa = PBXFileReference; fileEncoding = 4; lastKnownFileType = sourcecode.swift; name = OutdoorWalk.swift; path = Activities/OutdoorWalk.swift; sourceTree = "<group>"; };
		436ABC251CE811470083B65B /* Extensions.swift */ = {isa = PBXFileReference; fileEncoding = 4; lastKnownFileType = sourcecode.swift; name = Extensions.swift; path = diabeticconnect/Extensions.swift; sourceTree = "<group>"; };
		436ABC271CE811660083B65B /* Assessment.swift */ = {isa = PBXFileReference; fileEncoding = 4; lastKnownFileType = sourcecode.swift; name = Assessment.swift; path = Assessments/Assessment.swift; sourceTree = "<group>"; };
		436ABC291CE811660083B65B /* BloodGlucose.swift */ = {isa = PBXFileReference; fileEncoding = 4; lastKnownFileType = sourcecode.swift; name = BloodGlucose.swift; path = Assessments/BloodGlucose.swift; sourceTree = "<group>"; };
		436ABC2A1CE811660083B65B /* HealthSampleBuilder.swift */ = {isa = PBXFileReference; fileEncoding = 4; lastKnownFileType = sourcecode.swift; name = HealthSampleBuilder.swift; path = Assessments/HealthSampleBuilder.swift; sourceTree = "<group>"; };
		436ABC2B1CE811660083B65B /* Mood.swift */ = {isa = PBXFileReference; fileEncoding = 4; lastKnownFileType = sourcecode.swift; name = Mood.swift; path = Assessments/Mood.swift; sourceTree = "<group>"; };
		436AC0641CE811E90083B65B /* CareKit.xcodeproj */ = {isa = PBXFileReference; lastKnownFileType = "wrapper.pb-project"; name = CareKit.xcodeproj; path = "Linked Frameworks/CareKit.xcodeproj"; sourceTree = "<group>"; };
		436AC07A1CE8121E0083B65B /* ResearchKit.xcodeproj */ = {isa = PBXFileReference; lastKnownFileType = "wrapper.pb-project"; name = ResearchKit.xcodeproj; path = "Linked Frameworks/ResearchKit.xcodeproj"; sourceTree = "<group>"; };
		436AC08C1CE8148B0083B65B /* BuildInsightsOperation.swift */ = {isa = PBXFileReference; fileEncoding = 4; lastKnownFileType = sourcecode.swift; name = BuildInsightsOperation.swift; path = Insights/BuildInsightsOperation.swift; sourceTree = "<group>"; };
		436AC08D1CE8148B0083B65B /* InsightsBuilder.swift */ = {isa = PBXFileReference; fileEncoding = 4; lastKnownFileType = sourcecode.swift; name = InsightsBuilder.swift; path = Insights/InsightsBuilder.swift; sourceTree = "<group>"; };
		436AC08E1CE8148B0083B65B /* QueryActivityEventsOperation.swift */ = {isa = PBXFileReference; fileEncoding = 4; lastKnownFileType = sourcecode.swift; name = QueryActivityEventsOperation.swift; path = Insights/QueryActivityEventsOperation.swift; sourceTree = "<group>"; };
		436AC0921CE8149E0083B65B /* NSCalendar+Dates.swift */ = {isa = PBXFileReference; fileEncoding = 4; lastKnownFileType = sourcecode.swift; name = "NSCalendar+Dates.swift"; path = "Extensions/NSCalendar+Dates.swift"; sourceTree = "<group>"; };
		436AC0931CE8149E0083B65B /* OCKInsightItem+EmptyMessage.swift */ = {isa = PBXFileReference; fileEncoding = 4; lastKnownFileType = sourcecode.swift; name = "OCKInsightItem+EmptyMessage.swift"; path = "Extensions/OCKInsightItem+EmptyMessage.swift"; sourceTree = "<group>"; };
		43D99B8B1CF7E6F2007839BF /* Snacks.swift */ = {isa = PBXFileReference; fileEncoding = 4; lastKnownFileType = sourcecode.swift; name = Snacks.swift; path = Activities/Snacks.swift; sourceTree = "<group>"; };
		43D99B8F1CFA2033007839BF /* DrinkWater.swift */ = {isa = PBXFileReference; fileEncoding = 4; lastKnownFileType = sourcecode.swift; name = DrinkWater.swift; path = Activities/DrinkWater.swift; sourceTree = "<group>"; };
		43D99B971CFA90D3007839BF /* diabeticconnectTests.xctest */ = {isa = PBXFileReference; explicitFileType = wrapper.cfbundle; includeInIndex = 0; path = diabeticconnectTests.xctest; sourceTree = BUILT_PRODUCTS_DIR; };
		43D99B981CFA90D3007839BF /* diabeticconnectUITests.xctest */ = {isa = PBXFileReference; explicitFileType = wrapper.cfbundle; includeInIndex = 0; path = diabeticconnectUITests.xctest; sourceTree = BUILT_PRODUCTS_DIR; };
/* End PBXFileReference section */

/* Begin PBXFrameworksBuildPhase section */
		4344298E1CE5575F00610FA3 /* Frameworks */ = {
			isa = PBXFrameworksBuildPhase;
			buildActionMask = 2147483647;
			files = (
				436AC0881CE8123E0083B65B /* CareKit.framework in Frameworks */,
				436AC0841CE8123A0083B65B /* ResearchKit.framework in Frameworks */,
			);
			runOnlyForDeploymentPostprocessing = 0;
		};
		434429A21CE5576000610FA3 /* Frameworks */ = {
			isa = PBXFrameworksBuildPhase;
			buildActionMask = 2147483647;
			files = (
			);
			runOnlyForDeploymentPostprocessing = 0;
		};
		434429AD1CE5576000610FA3 /* Frameworks */ = {
			isa = PBXFrameworksBuildPhase;
			buildActionMask = 2147483647;
			files = (
			);
			runOnlyForDeploymentPostprocessing = 0;
		};
/* End PBXFrameworksBuildPhase section */

/* Begin PBXGroup section */
		434429881CE5575F00610FA3 = {
			isa = PBXGroup;
			children = (
				434B47381CF0E1E800B56F52 /* Documents */,
				434B47351CF0264400B56F52 /* SQLite */,
				434429931CE5576000610FA3 /* diabeticconnect */,
				436ABC331CE811760083B65B /* Linked Frameworks */,
				436ABBEC1CE80DC30083B65B /* Extensions */,
				436ABBEB1CE80DBE0083B65B /* Insights */,
				436ABBEA1CE80DB50083B65B /* Assessments */,
				436ABBE91CE80DA10083B65B /* Actvities */,
				434B47371CF02BC700B56F52 /* diabeticconnect.app */,
				43D99B971CFA90D3007839BF /* diabeticconnectTests.xctest */,
				43D99B981CFA90D3007839BF /* diabeticconnectUITests.xctest */,
			);
			sourceTree = "<group>";
		};
		434429931CE5576000610FA3 /* diabeticconnect */ = {
			isa = PBXGroup;
			children = (
				434B473D1CF0E28400B56F52 /* ViewControlers */,
				436ABC1B1CE810360083B65B /* CarePlanStoreManager.swift */,
				436ABC131CE80EA50083B65B /* AppDelegate.swift */,
				436ABBE51CE80D490083B65B /* SampleData.swift */,
				434429981CE5576000610FA3 /* Main.storyboard */,
				4344299B1CE5576000610FA3 /* Assets.xcassets */,
				4344299D1CE5576000610FA3 /* LaunchScreen.storyboard */,
				434429A01CE5576000610FA3 /* Info.plist */,
				434B473E1CF5651800B56F52 /* Global Variables.swift */,
			);
			path = diabeticconnect;
			sourceTree = "<group>";
		};
		434B47351CF0264400B56F52 /* SQLite */ = {
			isa = PBXGroup;
			children = (
				434B47311CF01FAE00B56F52 /* SwiftData.swift */,
				434B47361CF0269E00B56F52 /* Bridging-Header.h */,
			);
			name = SQLite;
			sourceTree = "<group>";
		};
		434B47381CF0E1E800B56F52 /* Documents */ = {
			isa = PBXGroup;
			children = (
				434B47391CF0E20800B56F52 /* sql_placeholder_folder.swift */,
			);
			path = Documents;
			sourceTree = "<group>";
		};
		434B473D1CF0E28400B56F52 /* ViewControlers */ = {
			isa = PBXGroup;
			children = (
				434B473B1CF0E27D00B56F52 /* CreateAccountViewController.swift */,
				436ABC151CE80EAC0083B65B /* RootViewController.swift */,
				434429961CE5576000610FA3 /* ViewController.swift */,
			);
			name = ViewControlers;
			sourceTree = "<group>";
		};
		436ABBE91CE80DA10083B65B /* Actvities */ = {
			isa = PBXGroup;
			children = (
				436ABC1D1CE810CB0083B65B /* Activity.swift */,
				436ABC1F1CE810CB0083B65B /* OutdoorWalk.swift */,
				43D99B8B1CF7E6F2007839BF /* Snacks.swift */,
				43D99B8F1CFA2033007839BF /* DrinkWater.swift */,
			);
			name = Actvities;
			sourceTree = "<group>";
		};
		436ABBEA1CE80DB50083B65B /* Assessments */ = {
			isa = PBXGroup;
			children = (
				436ABC271CE811660083B65B /* Assessment.swift */,
				436ABC291CE811660083B65B /* BloodGlucose.swift */,
				436ABC2A1CE811660083B65B /* HealthSampleBuilder.swift */,
				436ABC2B1CE811660083B65B /* Mood.swift */,
			);
			name = Assessments;
			sourceTree = "<group>";
		};
		436ABBEB1CE80DBE0083B65B /* Insights */ = {
			isa = PBXGroup;
			children = (
				436AC08C1CE8148B0083B65B /* BuildInsightsOperation.swift */,
				436AC08D1CE8148B0083B65B /* InsightsBuilder.swift */,
				436AC08E1CE8148B0083B65B /* QueryActivityEventsOperation.swift */,
			);
			name = Insights;
			sourceTree = "<group>";
		};
		436ABBEC1CE80DC30083B65B /* Extensions */ = {
			isa = PBXGroup;
			children = (
				436ABC251CE811470083B65B /* Extensions.swift */,
				436AC0921CE8149E0083B65B /* NSCalendar+Dates.swift */,
				436AC0931CE8149E0083B65B /* OCKInsightItem+EmptyMessage.swift */,
			);
			name = Extensions;
			sourceTree = "<group>";
		};
		436ABC331CE811760083B65B /* Linked Frameworks */ = {
			isa = PBXGroup;
			children = (
				436AC07A1CE8121E0083B65B /* ResearchKit.xcodeproj */,
				436AC0641CE811E90083B65B /* CareKit.xcodeproj */,
			);
			name = "Linked Frameworks";
			sourceTree = "<group>";
		};
		436AC0651CE811E90083B65B /* Products */ = {
			isa = PBXGroup;
			children = (
				436AC06D1CE811E90083B65B /* CareKit.framework */,
				436AC06F1CE811E90083B65B /* CareKitTests.xctest */,
			);
			name = Products;
			sourceTree = "<group>";
		};
		436AC07B1CE8121E0083B65B /* Products */ = {
			isa = PBXGroup;
			children = (
				436AC0811CE8121E0083B65B /* ResearchKit.framework */,
				436AC0831CE8121E0083B65B /* ResearchKitTests.xctest */,
			);
			name = Products;
			sourceTree = "<group>";
		};
/* End PBXGroup section */

/* Begin PBXNativeTarget section */
		434429901CE5575F00610FA3 /* diabeticconnect */ = {
			isa = PBXNativeTarget;
			buildConfigurationList = 434429B91CE5576000610FA3 /* Build configuration list for PBXNativeTarget "diabeticconnect" */;
			buildPhases = (
				4344298D1CE5575F00610FA3 /* Sources */,
				4344298E1CE5575F00610FA3 /* Frameworks */,
				4344298F1CE5575F00610FA3 /* Resources */,
				434429E01CE5583E00610FA3 /* Embed Frameworks */,
			);
			buildRules = (
			);
			dependencies = (
				436AC0871CE8123A0083B65B /* PBXTargetDependency */,
				436AC08B1CE8123E0083B65B /* PBXTargetDependency */,
			);
			name = diabeticconnect;
			productName = diabeticconnect;
			productReference = 434B47371CF02BC700B56F52 /* diabeticconnect.app */;
			productType = "com.apple.product-type.application";
		};
		434429A41CE5576000610FA3 /* diabeticconnectTests */ = {
			isa = PBXNativeTarget;
			buildConfigurationList = 434429BC1CE5576000610FA3 /* Build configuration list for PBXNativeTarget "diabeticconnectTests" */;
			buildPhases = (
				5F5C1B7BF71000D648DDE98D /* 📦 Check Pods Manifest.lock */,
				434429A11CE5576000610FA3 /* Sources */,
				434429A21CE5576000610FA3 /* Frameworks */,
				434429A31CE5576000610FA3 /* Resources */,
				6E93A2E3113C43F0E1CBB2E7 /* 📦 Embed Pods Frameworks */,
				7E330508B978CF1445F78ACB /* 📦 Copy Pods Resources */,
			);
			buildRules = (
			);
			dependencies = (
				434429A71CE5576000610FA3 /* PBXTargetDependency */,
			);
			name = diabeticconnectTests;
			productName = diabeticconnectTests;
			productReference = 43D99B971CFA90D3007839BF /* diabeticconnectTests.xctest */;
			productType = "com.apple.product-type.bundle.unit-test";
		};
		434429AF1CE5576000610FA3 /* diabeticconnectUITests */ = {
			isa = PBXNativeTarget;
			buildConfigurationList = 434429BF1CE5576000610FA3 /* Build configuration list for PBXNativeTarget "diabeticconnectUITests" */;
			buildPhases = (
				C3633C299A0BC3527984B71E /* 📦 Check Pods Manifest.lock */,
				434429AC1CE5576000610FA3 /* Sources */,
				434429AD1CE5576000610FA3 /* Frameworks */,
				434429AE1CE5576000610FA3 /* Resources */,
				0D7305073271398074A08BD9 /* 📦 Copy Pods Resources */,
			);
			buildRules = (
			);
			dependencies = (
				434429B21CE5576000610FA3 /* PBXTargetDependency */,
			);
			name = diabeticconnectUITests;
			productName = diabeticconnectUITests;
			productReference = 43D99B981CFA90D3007839BF /* diabeticconnectUITests.xctest */;
			productType = "com.apple.product-type.bundle.ui-testing";
		};
/* End PBXNativeTarget section */

/* Begin PBXProject section */
		434429891CE5575F00610FA3 /* Project object */ = {
			isa = PBXProject;
			attributes = {
				LastSwiftMigration = 0730;
				LastSwiftUpdateCheck = 0730;
				LastUpgradeCheck = 0730;
				ORGANIZATIONNAME = "Nathan Wharry";
				TargetAttributes = {
					434429901CE5575F00610FA3 = {
						CreatedOnToolsVersion = 7.3.1;
						DevelopmentTeam = UQ2B2GPNV5;
					};
					434429A41CE5576000610FA3 = {
						CreatedOnToolsVersion = 7.3.1;
						DevelopmentTeam = UQ2B2GPNV5;
						TestTargetID = 434429901CE5575F00610FA3;
					};
					434429AF1CE5576000610FA3 = {
						CreatedOnToolsVersion = 7.3.1;
						DevelopmentTeam = UQ2B2GPNV5;
						TestTargetID = 434429901CE5575F00610FA3;
					};
				};
			};
			buildConfigurationList = 4344298C1CE5575F00610FA3 /* Build configuration list for PBXProject "wharry_nathan" */;
			compatibilityVersion = "Xcode 3.2";
			developmentRegion = English;
			hasScannedForEncodings = 0;
			knownRegions = (
				en,
				Base,
				ar,
				ca,
				cs,
				da,
				de,
				el,
				en_AU,
				en_GB,
				es,
				es_MX,
				fi,
				fr,
				fr_CA,
				he,
				hi,
				hr,
				hu,
				id,
				it,
				ja,
				ko,
				ms,
				nl,
				no,
				pl,
				pt,
				pt_PT,
				ro,
				ru,
				sk,
				sv,
				th,
				tr,
				uk,
				vi,
				zh_CN,
				zh_HK,
				zh_TW,
			);
			mainGroup = 434429881CE5575F00610FA3;
			productRefGroup = 434429881CE5575F00610FA3;
			projectDirPath = "";
			projectReferences = (
				{
					ProductGroup = 436AC0651CE811E90083B65B /* Products */;
					ProjectRef = 436AC0641CE811E90083B65B /* CareKit.xcodeproj */;
				},
				{
					ProductGroup = 436AC07B1CE8121E0083B65B /* Products */;
					ProjectRef = 436AC07A1CE8121E0083B65B /* ResearchKit.xcodeproj */;
				},
			);
			projectRoot = "";
			targets = (
				434429901CE5575F00610FA3 /* diabeticconnect */,
				434429A41CE5576000610FA3 /* diabeticconnectTests */,
				434429AF1CE5576000610FA3 /* diabeticconnectUITests */,
			);
		};
/* End PBXProject section */

/* Begin PBXReferenceProxy section */
		436AC06D1CE811E90083B65B /* CareKit.framework */ = {
			isa = PBXReferenceProxy;
			fileType = wrapper.framework;
			path = CareKit.framework;
			remoteRef = 436AC06C1CE811E90083B65B /* PBXContainerItemProxy */;
			sourceTree = BUILT_PRODUCTS_DIR;
		};
		436AC06F1CE811E90083B65B /* CareKitTests.xctest */ = {
			isa = PBXReferenceProxy;
			fileType = wrapper.cfbundle;
			path = CareKitTests.xctest;
			remoteRef = 436AC06E1CE811E90083B65B /* PBXContainerItemProxy */;
			sourceTree = BUILT_PRODUCTS_DIR;
		};
		436AC0811CE8121E0083B65B /* ResearchKit.framework */ = {
			isa = PBXReferenceProxy;
			fileType = wrapper.framework;
			path = ResearchKit.framework;
			remoteRef = 436AC0801CE8121E0083B65B /* PBXContainerItemProxy */;
			sourceTree = BUILT_PRODUCTS_DIR;
		};
		436AC0831CE8121E0083B65B /* ResearchKitTests.xctest */ = {
			isa = PBXReferenceProxy;
			fileType = wrapper.cfbundle;
			path = ResearchKitTests.xctest;
			remoteRef = 436AC0821CE8121E0083B65B /* PBXContainerItemProxy */;
			sourceTree = BUILT_PRODUCTS_DIR;
		};
/* End PBXReferenceProxy section */

/* Begin PBXResourcesBuildPhase section */
		4344298F1CE5575F00610FA3 /* Resources */ = {
			isa = PBXResourcesBuildPhase;
			buildActionMask = 2147483647;
			files = (
				4344299F1CE5576000610FA3 /* LaunchScreen.storyboard in Resources */,
				4344299C1CE5576000610FA3 /* Assets.xcassets in Resources */,
				4344299A1CE5576000610FA3 /* Main.storyboard in Resources */,
			);
			runOnlyForDeploymentPostprocessing = 0;
		};
		434429A31CE5576000610FA3 /* Resources */ = {
			isa = PBXResourcesBuildPhase;
			buildActionMask = 2147483647;
			files = (
			);
			runOnlyForDeploymentPostprocessing = 0;
		};
		434429AE1CE5576000610FA3 /* Resources */ = {
			isa = PBXResourcesBuildPhase;
			buildActionMask = 2147483647;
			files = (
			);
			runOnlyForDeploymentPostprocessing = 0;
		};
/* End PBXResourcesBuildPhase section */

/* Begin PBXShellScriptBuildPhase section */
		0D7305073271398074A08BD9 /* 📦 Copy Pods Resources */ = {
			isa = PBXShellScriptBuildPhase;
			buildActionMask = 2147483647;
			files = (
			);
			inputPaths = (
			);
			name = "📦 Copy Pods Resources";
			outputPaths = (
			);
			runOnlyForDeploymentPostprocessing = 0;
			shellPath = /bin/sh;
			shellScript = "\"${SRCROOT}/Pods/Target Support Files/Pods-diabeticconnectUITests/Pods-diabeticconnectUITests-resources.sh\"\n";
			showEnvVarsInLog = 0;
		};
		5F5C1B7BF71000D648DDE98D /* 📦 Check Pods Manifest.lock */ = {
			isa = PBXShellScriptBuildPhase;
			buildActionMask = 2147483647;
			files = (
			);
			inputPaths = (
			);
			name = "📦 Check Pods Manifest.lock";
			outputPaths = (
			);
			runOnlyForDeploymentPostprocessing = 0;
			shellPath = /bin/sh;
			shellScript = "diff \"${PODS_ROOT}/../Podfile.lock\" \"${PODS_ROOT}/Manifest.lock\" > /dev/null\nif [[ $? != 0 ]] ; then\n    cat << EOM\nerror: The sandbox is not in sync with the Podfile.lock. Run 'pod install' or update your CocoaPods installation.\nEOM\n    exit 1\nfi\n";
			showEnvVarsInLog = 0;
		};
		6E93A2E3113C43F0E1CBB2E7 /* 📦 Embed Pods Frameworks */ = {
			isa = PBXShellScriptBuildPhase;
			buildActionMask = 2147483647;
			files = (
			);
			inputPaths = (
			);
			name = "📦 Embed Pods Frameworks";
			outputPaths = (
			);
			runOnlyForDeploymentPostprocessing = 0;
			shellPath = /bin/sh;
			shellScript = "\"${SRCROOT}/Pods/Target Support Files/Pods-diabeticconnectTests/Pods-diabeticconnectTests-frameworks.sh\"\n";
			showEnvVarsInLog = 0;
		};
		7E330508B978CF1445F78ACB /* 📦 Copy Pods Resources */ = {
			isa = PBXShellScriptBuildPhase;
			buildActionMask = 2147483647;
			files = (
			);
			inputPaths = (
			);
			name = "📦 Copy Pods Resources";
			outputPaths = (
			);
			runOnlyForDeploymentPostprocessing = 0;
			shellPath = /bin/sh;
			shellScript = "\"${SRCROOT}/Pods/Target Support Files/Pods-diabeticconnectTests/Pods-diabeticconnectTests-resources.sh\"\n";
			showEnvVarsInLog = 0;
		};
		C3633C299A0BC3527984B71E /* 📦 Check Pods Manifest.lock */ = {
			isa = PBXShellScriptBuildPhase;
			buildActionMask = 2147483647;
			files = (
			);
			inputPaths = (
			);
			name = "📦 Check Pods Manifest.lock";
			outputPaths = (
			);
			runOnlyForDeploymentPostprocessing = 0;
			shellPath = /bin/sh;
			shellScript = "diff \"${PODS_ROOT}/../Podfile.lock\" \"${PODS_ROOT}/Manifest.lock\" > /dev/null\nif [[ $? != 0 ]] ; then\n    cat << EOM\nerror: The sandbox is not in sync with the Podfile.lock. Run 'pod install' or update your CocoaPods installation.\nEOM\n    exit 1\nfi\n";
			showEnvVarsInLog = 0;
		};
/* End PBXShellScriptBuildPhase section */

/* Begin PBXSourcesBuildPhase section */
		4344298D1CE5575F00610FA3 /* Sources */ = {
			isa = PBXSourcesBuildPhase;
			buildActionMask = 2147483647;
			files = (
				436ABC141CE80EA50083B65B /* AppDelegate.swift in Sources */,
				436ABC261CE811470083B65B /* Extensions.swift in Sources */,
				436AC0901CE8148B0083B65B /* InsightsBuilder.swift in Sources */,
				436AC0911CE8148B0083B65B /* QueryActivityEventsOperation.swift in Sources */,
				434429971CE5576000610FA3 /* ViewController.swift in Sources */,
				436ABC1C1CE810360083B65B /* CarePlanStoreManager.swift in Sources */,
				434B47321CF01FAE00B56F52 /* SwiftData.swift in Sources */,
				436ABC161CE80EAC0083B65B /* RootViewController.swift in Sources */,
				436AC0951CE8149E0083B65B /* OCKInsightItem+EmptyMessage.swift in Sources */,
				43D99B8C1CF7E6F2007839BF /* Snacks.swift in Sources */,
				436ABBE61CE80D490083B65B /* SampleData.swift in Sources */,
				434B473F1CF5651800B56F52 /* Global Variables.swift in Sources */,
				434B473C1CF0E27D00B56F52 /* CreateAccountViewController.swift in Sources */,
				436ABC2D1CE811660083B65B /* Assessment.swift in Sources */,
				436AC0941CE8149E0083B65B /* NSCalendar+Dates.swift in Sources */,
				436ABC311CE811660083B65B /* Mood.swift in Sources */,
				436ABC211CE810CB0083B65B /* Activity.swift in Sources */,
				436ABC301CE811660083B65B /* HealthSampleBuilder.swift in Sources */,
				434B473A1CF0E20800B56F52 /* sql_placeholder_folder.swift in Sources */,
				436ABC2F1CE811660083B65B /* BloodGlucose.swift in Sources */,
				436ABC231CE810CB0083B65B /* OutdoorWalk.swift in Sources */,
				43D99B901CFA2033007839BF /* DrinkWater.swift in Sources */,
				436AC08F1CE8148B0083B65B /* BuildInsightsOperation.swift in Sources */,
			);
			runOnlyForDeploymentPostprocessing = 0;
		};
		434429A11CE5576000610FA3 /* Sources */ = {
			isa = PBXSourcesBuildPhase;
			buildActionMask = 2147483647;
			files = (
			);
			runOnlyForDeploymentPostprocessing = 0;
		};
		434429AC1CE5576000610FA3 /* Sources */ = {
			isa = PBXSourcesBuildPhase;
			buildActionMask = 2147483647;
			files = (
			);
			runOnlyForDeploymentPostprocessing = 0;
		};
/* End PBXSourcesBuildPhase section */

/* Begin PBXTargetDependency section */
		434429A71CE5576000610FA3 /* PBXTargetDependency */ = {
			isa = PBXTargetDependency;
			target = 434429901CE5575F00610FA3 /* diabeticconnect */;
			targetProxy = 434429A61CE5576000610FA3 /* PBXContainerItemProxy */;
		};
		434429B21CE5576000610FA3 /* PBXTargetDependency */ = {
			isa = PBXTargetDependency;
			target = 434429901CE5575F00610FA3 /* diabeticconnect */;
			targetProxy = 434429B11CE5576000610FA3 /* PBXContainerItemProxy */;
		};
		436AC0871CE8123A0083B65B /* PBXTargetDependency */ = {
			isa = PBXTargetDependency;
			name = ResearchKit;
			targetProxy = 436AC0861CE8123A0083B65B /* PBXContainerItemProxy */;
		};
		436AC08B1CE8123E0083B65B /* PBXTargetDependency */ = {
			isa = PBXTargetDependency;
			name = CareKit;
			targetProxy = 436AC08A1CE8123E0083B65B /* PBXContainerItemProxy */;
		};
/* End PBXTargetDependency section */

/* Begin PBXVariantGroup section */
		434429981CE5576000610FA3 /* Main.storyboard */ = {
			isa = PBXVariantGroup;
			children = (
				434429991CE5576000610FA3 /* Base */,
			);
			name = Main.storyboard;
			sourceTree = "<group>";
		};
		4344299D1CE5576000610FA3 /* LaunchScreen.storyboard */ = {
			isa = PBXVariantGroup;
			children = (
				4344299E1CE5576000610FA3 /* Base */,
			);
			name = LaunchScreen.storyboard;
			sourceTree = "<group>";
		};
/* End PBXVariantGroup section */

/* Begin XCBuildConfiguration section */
		434429B71CE5576000610FA3 /* Debug */ = {
			isa = XCBuildConfiguration;
			buildSettings = {
				ALWAYS_SEARCH_USER_PATHS = NO;
				CLANG_ANALYZER_NONNULL = YES;
				CLANG_CXX_LANGUAGE_STANDARD = "gnu++0x";
				CLANG_CXX_LIBRARY = "libc++";
				CLANG_ENABLE_MODULES = YES;
				CLANG_ENABLE_OBJC_ARC = YES;
				CLANG_WARN_BOOL_CONVERSION = YES;
				CLANG_WARN_CONSTANT_CONVERSION = YES;
				CLANG_WARN_DIRECT_OBJC_ISA_USAGE = YES_ERROR;
				CLANG_WARN_EMPTY_BODY = YES;
				CLANG_WARN_ENUM_CONVERSION = YES;
				CLANG_WARN_INT_CONVERSION = YES;
				CLANG_WARN_OBJC_ROOT_CLASS = YES_ERROR;
				CLANG_WARN_UNREACHABLE_CODE = YES;
				CLANG_WARN__DUPLICATE_METHOD_MATCH = YES;
				"CODE_SIGN_IDENTITY[sdk=iphoneos*]" = "iPhone Developer";
				COPY_PHASE_STRIP = NO;
				DEBUG_INFORMATION_FORMAT = dwarf;
				ENABLE_STRICT_OBJC_MSGSEND = YES;
				ENABLE_TESTABILITY = YES;
				GCC_C_LANGUAGE_STANDARD = gnu99;
				GCC_DYNAMIC_NO_PIC = NO;
				GCC_NO_COMMON_BLOCKS = YES;
				GCC_OPTIMIZATION_LEVEL = 0;
				GCC_PREPROCESSOR_DEFINITIONS = (
					"DEBUG=1",
					"$(inherited)",
				);
				GCC_WARN_64_TO_32_BIT_CONVERSION = YES;
				GCC_WARN_ABOUT_RETURN_TYPE = YES_ERROR;
				GCC_WARN_UNDECLARED_SELECTOR = YES;
				GCC_WARN_UNINITIALIZED_AUTOS = YES_AGGRESSIVE;
				GCC_WARN_UNUSED_FUNCTION = YES;
				GCC_WARN_UNUSED_VARIABLE = YES;
				IPHONEOS_DEPLOYMENT_TARGET = 9.3;
				MTL_ENABLE_DEBUG_INFO = YES;
				ONLY_ACTIVE_ARCH = YES;
				SDKROOT = iphoneos;
				SWIFT_OPTIMIZATION_LEVEL = "-Onone";
			};
			name = Debug;
		};
		434429B81CE5576000610FA3 /* Release */ = {
			isa = XCBuildConfiguration;
			buildSettings = {
				ALWAYS_SEARCH_USER_PATHS = NO;
				CLANG_ANALYZER_NONNULL = YES;
				CLANG_CXX_LANGUAGE_STANDARD = "gnu++0x";
				CLANG_CXX_LIBRARY = "libc++";
				CLANG_ENABLE_MODULES = YES;
				CLANG_ENABLE_OBJC_ARC = YES;
				CLANG_WARN_BOOL_CONVERSION = YES;
				CLANG_WARN_CONSTANT_CONVERSION = YES;
				CLANG_WARN_DIRECT_OBJC_ISA_USAGE = YES_ERROR;
				CLANG_WARN_EMPTY_BODY = YES;
				CLANG_WARN_ENUM_CONVERSION = YES;
				CLANG_WARN_INT_CONVERSION = YES;
				CLANG_WARN_OBJC_ROOT_CLASS = YES_ERROR;
				CLANG_WARN_UNREACHABLE_CODE = YES;
				CLANG_WARN__DUPLICATE_METHOD_MATCH = YES;
				"CODE_SIGN_IDENTITY[sdk=iphoneos*]" = "iPhone Developer";
				COPY_PHASE_STRIP = NO;
				DEBUG_INFORMATION_FORMAT = "dwarf-with-dsym";
				ENABLE_NS_ASSERTIONS = NO;
				ENABLE_STRICT_OBJC_MSGSEND = YES;
				GCC_C_LANGUAGE_STANDARD = gnu99;
				GCC_NO_COMMON_BLOCKS = YES;
				GCC_WARN_64_TO_32_BIT_CONVERSION = YES;
				GCC_WARN_ABOUT_RETURN_TYPE = YES_ERROR;
				GCC_WARN_UNDECLARED_SELECTOR = YES;
				GCC_WARN_UNINITIALIZED_AUTOS = YES_AGGRESSIVE;
				GCC_WARN_UNUSED_FUNCTION = YES;
				GCC_WARN_UNUSED_VARIABLE = YES;
				IPHONEOS_DEPLOYMENT_TARGET = 9.3;
				MTL_ENABLE_DEBUG_INFO = NO;
				SDKROOT = iphoneos;
				VALIDATE_PRODUCT = YES;
			};
			name = Release;
		};
		434429BA1CE5576000610FA3 /* Debug */ = {
			isa = XCBuildConfiguration;
			buildSettings = {
				ASSETCATALOG_COMPILER_APPICON_NAME = AppIcon;
				EMBEDDED_CONTENT_CONTAINS_SWIFT = YES;
				INFOPLIST_FILE = diabeticconnect/Info.plist;
				LD_RUNPATH_SEARCH_PATHS = "$(inherited) @executable_path/Frameworks";
				OTHER_LDFLAGS = "-lsqlite3";
				PRODUCT_BUNDLE_IDENTIFIER = com.project3w.diabeticconnect;
				PRODUCT_NAME = "$(TARGET_NAME)";
				SWIFT_OBJC_BRIDGING_HEADER = "Bridging-Header.h";
			};
			name = Debug;
		};
		434429BB1CE5576000610FA3 /* Release */ = {
			isa = XCBuildConfiguration;
			buildSettings = {
				ASSETCATALOG_COMPILER_APPICON_NAME = AppIcon;
				EMBEDDED_CONTENT_CONTAINS_SWIFT = YES;
				INFOPLIST_FILE = diabeticconnect/Info.plist;
				LD_RUNPATH_SEARCH_PATHS = "$(inherited) @executable_path/Frameworks";
				OTHER_LDFLAGS = "-lsqlite3";
				PRODUCT_BUNDLE_IDENTIFIER = com.project3w.diabeticconnect;
				PRODUCT_NAME = "$(TARGET_NAME)";
				SWIFT_OBJC_BRIDGING_HEADER = "Bridging-Header.h";
			};
			name = Release;
		};
		434429BD1CE5576000610FA3 /* Debug */ = {
			isa = XCBuildConfiguration;
			buildSettings = {
				BUNDLE_LOADER = "$(TEST_HOST)";
				INFOPLIST_FILE = diabeticconnectTests/Info.plist;
				LD_RUNPATH_SEARCH_PATHS = "$(inherited) @executable_path/Frameworks @loader_path/Frameworks";
				PRODUCT_BUNDLE_IDENTIFIER = com.project3w.diabeticconnectTests;
				PRODUCT_NAME = "$(TARGET_NAME)";
				TEST_HOST = "$(BUILT_PRODUCTS_DIR)/diabeticconnect.app/diabeticconnect";
			};
			name = Debug;
		};
		434429BE1CE5576000610FA3 /* Release */ = {
			isa = XCBuildConfiguration;
			buildSettings = {
				BUNDLE_LOADER = "$(TEST_HOST)";
				INFOPLIST_FILE = diabeticconnectTests/Info.plist;
				LD_RUNPATH_SEARCH_PATHS = "$(inherited) @executable_path/Frameworks @loader_path/Frameworks";
				PRODUCT_BUNDLE_IDENTIFIER = com.project3w.diabeticconnectTests;
				PRODUCT_NAME = "$(TARGET_NAME)";
				TEST_HOST = "$(BUILT_PRODUCTS_DIR)/diabeticconnect.app/diabeticconnect";
			};
			name = Release;
		};
		434429C01CE5576000610FA3 /* Debug */ = {
			isa = XCBuildConfiguration;
			buildSettings = {
				INFOPLIST_FILE = diabeticconnectUITests/Info.plist;
				LD_RUNPATH_SEARCH_PATHS = "$(inherited) @executable_path/Frameworks @loader_path/Frameworks";
				PRODUCT_BUNDLE_IDENTIFIER = com.project3w.diabeticconnectUITests;
				PRODUCT_NAME = "$(TARGET_NAME)";
				TEST_TARGET_NAME = diabeticconnect;
			};
			name = Debug;
		};
		434429C11CE5576000610FA3 /* Release */ = {
			isa = XCBuildConfiguration;
			buildSettings = {
				INFOPLIST_FILE = diabeticconnectUITests/Info.plist;
				LD_RUNPATH_SEARCH_PATHS = "$(inherited) @executable_path/Frameworks @loader_path/Frameworks";
				PRODUCT_BUNDLE_IDENTIFIER = com.project3w.diabeticconnectUITests;
				PRODUCT_NAME = "$(TARGET_NAME)";
				TEST_TARGET_NAME = diabeticconnect;
			};
			name = Release;
		};
/* End XCBuildConfiguration section */

/* Begin XCConfigurationList section */
		4344298C1CE5575F00610FA3 /* Build configuration list for PBXProject "wharry_nathan" */ = {
			isa = XCConfigurationList;
			buildConfigurations = (
				434429B71CE5576000610FA3 /* Debug */,
				434429B81CE5576000610FA3 /* Release */,
			);
			defaultConfigurationIsVisible = 0;
			defaultConfigurationName = Release;
		};
		434429B91CE5576000610FA3 /* Build configuration list for PBXNativeTarget "diabeticconnect" */ = {
			isa = XCConfigurationList;
			buildConfigurations = (
				434429BA1CE5576000610FA3 /* Debug */,
				434429BB1CE5576000610FA3 /* Release */,
			);
			defaultConfigurationIsVisible = 0;
			defaultConfigurationName = Release;
		};
		434429BC1CE5576000610FA3 /* Build configuration list for PBXNativeTarget "diabeticconnectTests" */ = {
			isa = XCConfigurationList;
			buildConfigurations = (
				434429BD1CE5576000610FA3 /* Debug */,
				434429BE1CE5576000610FA3 /* Release */,
			);
			defaultConfigurationIsVisible = 0;
			defaultConfigurationName = Release;
		};
		434429BF1CE5576000610FA3 /* Build configuration list for PBXNativeTarget "diabeticconnectUITests" */ = {
			isa = XCConfigurationList;
			buildConfigurations = (
				434429C01CE5576000610FA3 /* Debug */,
				434429C11CE5576000610FA3 /* Release */,
			);
			defaultConfigurationIsVisible = 0;
			defaultConfigurationName = Release;
		};
/* End XCConfigurationList section */
	};
	rootObject = 434429891CE5575F00610FA3 /* Project object */;
}
